
Microsoft Visual Studio Solution File, Format Version 12.00
# Visual Studio Version 17
VisualStudioVersion = 17.12.35707.178
MinimumVisualStudioVersion = 10.0.40219.1
Project("{FAE04EC0-301F-11D3-BF4B-00C04F79EFBC}") = "PetStockBlazor", "PetStockBlazor\PetStockBlazor.csproj", "{671EDC0B-E3D5-4FF8-84CC-DA5D006859CE}"
EndProject
Project("{FAE04EC0-301F-11D3-BF4B-00C04F79EFBC}") = "PetStock.Web.Api", "PetStock.Web.Api\PetStock.Web.Api.csproj", "{3CF89651-4630-4BB8-B66C-8F9AE283E44D}"
EndProject
Global
	GlobalSection(SolutionConfigurationPlatforms) = preSolution
		Debug|Any CPU = Debug|Any CPU
		Release|Any CPU = Release|Any CPU
	EndGlobalSection
	GlobalSection(ProjectConfigurationPlatforms) = postSolution
		{671EDC0B-E3D5-4FF8-84CC-DA5D006859CE}.Debug|Any CPU.ActiveCfg = Debug|Any CPU
		{671EDC0B-E3D5-4FF8-84CC-DA5D006859CE}.Debug|Any CPU.Build.0 = Debug|Any CPU
		{671EDC0B-E3D5-4FF8-84CC-DA5D006859CE}.Release|Any CPU.ActiveCfg = Release|Any CPU
		{671EDC0B-E3D5-4FF8-84CC-DA5D006859CE}.Release|Any CPU.Build.0 = Release|Any CPU
		{3CF89651-4630-4BB8-B66C-8F9AE283E44D}.Debug|Any CPU.ActiveCfg = Debug|Any CPU
		{3CF89651-4630-4BB8-B66C-8F9AE283E44D}.Debug|Any CPU.Build.0 = Debug|Any CPU
		{3CF89651-4630-4BB8-B66C-8F9AE283E44D}.Release|Any CPU.ActiveCfg = Release|Any CPU
		{3CF89651-4630-4BB8-B66C-8F9AE283E44D}.Release|Any CPU.Build.0 = Release|Any CPU
	EndGlobalSection
	GlobalSection(SolutionProperties) = preSolution
		HideSolutionNode = FALSE
	EndGlobalSection
	GlobalSection(ExtensibilityGlobals) = postSolution
		SolutionGuid = {BD846D3F-C853-41A1-8FAE-60B120FF9BB9}
	EndGlobalSection
EndGlobal
